
Microsoft Visual Studio Solution File, Format Version 12.00
# Visual Studio 2013
VisualStudioVersion = 12.0.31101.0
MinimumVisualStudioVersion = 10.0.40219.1
Project("{FAE04EC0-301F-11D3-BF4B-00C04F79EFBC}") = "Marsen", "Gunner\Marsen.csproj", "{1D88093E-4864-4CAB-91A6-9366C21C7204}"
EndProject
Project("{FAE04EC0-301F-11D3-BF4B-00C04F79EFBC}") = "Gunner.Tests", "Gunner.Tests\Gunner.Tests.csproj", "{BB66B879-E670-4EB4-848F-110E87B767ED}"
EndProject
Project("{FAE04EC0-301F-11D3-BF4B-00C04F79EFBC}") = "Web", "Web\Web.csproj", "{C3DA296E-33A8-4749-B928-487C3A90AAEB}"
EndProject
Project("{E24C65DC-7377-472B-9ABA-BC803B73C61A}") = "CMWebApp", "http://localhost/CMWebApp", "{5924D55A-B938-4F83-8AB4-604644A115A2}"
	ProjectSection(WebsiteProperties) = preProject
		UseIISExpress = "false"
		TargetFrameworkMoniker = ".NETFramework,Version%3Dv4.5.1"
		ProjectReferences = "{c3da296e-33a8-4749-b928-487c3a90aaeb}|CMoney.dll;"
		Debug.AspNetCompiler.VirtualPath = "/CMWebApp"
		Debug.AspNetCompiler.PhysicalPath = "CMWebApp\"
		Debug.AspNetCompiler.TargetPath = "PrecompiledWeb\CMWebApp\"
		Debug.AspNetCompiler.Updateable = "true"
		Debug.AspNetCompiler.ForceOverwrite = "true"
		Debug.AspNetCompiler.FixedNames = "false"
		Debug.AspNetCompiler.Debug = "True"
		Release.AspNetCompiler.VirtualPath = "/CMWebApp"
		Release.AspNetCompiler.PhysicalPath = "CMWebApp\"
		Release.AspNetCompiler.TargetPath = "PrecompiledWeb\CMWebApp\"
		Release.AspNetCompiler.Updateable = "true"
		Release.AspNetCompiler.ForceOverwrite = "true"
		Release.AspNetCompiler.FixedNames = "false"
		Release.AspNetCompiler.Debug = "False"
		SlnRelativePath = "CMWebApp\"
	EndProjectSection
EndProject
Global
	GlobalSection(SolutionConfigurationPlatforms) = preSolution
		Debug|Any CPU = Debug|Any CPU
		Release|Any CPU = Release|Any CPU
	EndGlobalSection
	GlobalSection(ProjectConfigurationPlatforms) = postSolution
		{1D88093E-4864-4CAB-91A6-9366C21C7204}.Debug|Any CPU.ActiveCfg = Debug|Any CPU
		{1D88093E-4864-4CAB-91A6-9366C21C7204}.Debug|Any CPU.Build.0 = Debug|Any CPU
		{1D88093E-4864-4CAB-91A6-9366C21C7204}.Release|Any CPU.ActiveCfg = Release|Any CPU
		{1D88093E-4864-4CAB-91A6-9366C21C7204}.Release|Any CPU.Build.0 = Release|Any CPU
		{BB66B879-E670-4EB4-848F-110E87B767ED}.Debug|Any CPU.ActiveCfg = Debug|Any CPU
		{BB66B879-E670-4EB4-848F-110E87B767ED}.Debug|Any CPU.Build.0 = Debug|Any CPU
		{BB66B879-E670-4EB4-848F-110E87B767ED}.Release|Any CPU.ActiveCfg = Release|Any CPU
		{BB66B879-E670-4EB4-848F-110E87B767ED}.Release|Any CPU.Build.0 = Release|Any CPU
		{C3DA296E-33A8-4749-B928-487C3A90AAEB}.Debug|Any CPU.ActiveCfg = Debug|Any CPU
		{C3DA296E-33A8-4749-B928-487C3A90AAEB}.Debug|Any CPU.Build.0 = Debug|Any CPU
		{C3DA296E-33A8-4749-B928-487C3A90AAEB}.Release|Any CPU.ActiveCfg = Release|Any CPU
		{C3DA296E-33A8-4749-B928-487C3A90AAEB}.Release|Any CPU.Build.0 = Release|Any CPU
		{5924D55A-B938-4F83-8AB4-604644A115A2}.Debug|Any CPU.ActiveCfg = Debug|Any CPU
		{5924D55A-B938-4F83-8AB4-604644A115A2}.Debug|Any CPU.Build.0 = Debug|Any CPU
		{5924D55A-B938-4F83-8AB4-604644A115A2}.Release|Any CPU.ActiveCfg = Debug|Any CPU
		{5924D55A-B938-4F83-8AB4-604644A115A2}.Release|Any CPU.Build.0 = Debug|Any CPU
	EndGlobalSection
	GlobalSection(SolutionProperties) = preSolution
		HideSolutionNode = FALSE
	EndGlobalSection
EndGlobal
